// !$*UTF8*$!
{
	archiveVersion = 1;
	classes = {
	};
	objectVersion = 50;
	objects = {

/* Begin PBXBuildFile section */
		0466F8CC4C5CC33C52B3AFB7 /* Pods_MyTrips.framework in Frameworks */ = {isa = PBXBuildFile; fileRef = EA6E52DB28417EB26E8701AC /* Pods_MyTrips.framework */; };
		4A1FE3B22210154900739396 /* AppDelegate.swift in Sources */ = {isa = PBXBuildFile; fileRef = 4A1FE3B12210154900739396 /* AppDelegate.swift */; };
		4A1FE3B42210154900739396 /* LoginVC.swift in Sources */ = {isa = PBXBuildFile; fileRef = 4A1FE3B32210154900739396 /* LoginVC.swift */; };
		4A1FE3B72210154900739396 /* Main.storyboard in Resources */ = {isa = PBXBuildFile; fileRef = 4A1FE3B52210154900739396 /* Main.storyboard */; };
		4A1FE3B92210154A00739396 /* Assets.xcassets in Resources */ = {isa = PBXBuildFile; fileRef = 4A1FE3B82210154A00739396 /* Assets.xcassets */; };
		4A1FE3BC2210154A00739396 /* LaunchScreen.storyboard in Resources */ = {isa = PBXBuildFile; fileRef = 4A1FE3BA2210154A00739396 /* LaunchScreen.storyboard */; };
		4A1FE3C72210154A00739396 /* MyTripsTests.swift in Sources */ = {isa = PBXBuildFile; fileRef = 4A1FE3C62210154A00739396 /* MyTripsTests.swift */; };
		4A1FE3D22210154A00739396 /* MyTripsUITests.swift in Sources */ = {isa = PBXBuildFile; fileRef = 4A1FE3D12210154A00739396 /* MyTripsUITests.swift */; };
		4A1FE3E322101A6E00739396 /* CliffJump.mp4 in Resources */ = {isa = PBXBuildFile; fileRef = 4A1FE3E222101A6E00739396 /* CliffJump.mp4 */; };
		4A1FE3E522101AD100739396 /* GCDBlackBox.swift in Sources */ = {isa = PBXBuildFile; fileRef = 4A1FE3E422101AD100739396 /* GCDBlackBox.swift */; };
		4A1FE3E72211343E00739396 /* GoogleService-Info.plist in Resources */ = {isa = PBXBuildFile; fileRef = 4A1FE3E62211343E00739396 /* GoogleService-Info.plist */; };
		4A46DAE4224AB3FA0065A523 /* Constants.swift in Sources */ = {isa = PBXBuildFile; fileRef = 4A46DAE3224AB3FA0065A523 /* Constants.swift */; };
		4A46DAE6224ABF730065A523 /* GoogleClient.swift in Sources */ = {isa = PBXBuildFile; fileRef = 4A46DAE5224ABF730065A523 /* GoogleClient.swift */; };
		4A46DAE8224AC0B30065A523 /* GoogleConvenience.swift in Sources */ = {isa = PBXBuildFile; fileRef = 4A46DAE7224AC0B30065A523 /* GoogleConvenience.swift */; };
		4A9F99142215E47A00C38909 /* HomePageVC.swift in Sources */ = {isa = PBXBuildFile; fileRef = 4A9F99132215E47A00C38909 /* HomePageVC.swift */; };
		4A9F99162215E48600C38909 /* GroupsVC.swift in Sources */ = {isa = PBXBuildFile; fileRef = 4A9F99152215E48600C38909 /* GroupsVC.swift */; };
		4A9F99182215E4B100C38909 /* TripsVC.swift in Sources */ = {isa = PBXBuildFile; fileRef = 4A9F99172215E4B100C38909 /* TripsVC.swift */; };
		4A9F991A2215E4C500C38909 /* SettingsVC.swift in Sources */ = {isa = PBXBuildFile; fileRef = 4A9F99192215E4C500C38909 /* SettingsVC.swift */; };
		4AA34BB6222643830035D806 /* CustomCalendarCell.swift in Sources */ = {isa = PBXBuildFile; fileRef = 4AA34BB5222643830035D806 /* CustomCalendarCell.swift */; };
		A4E4AFB590F76DE12720E181 /* Pods_MyTripsUITests.framework in Frameworks */ = {isa = PBXBuildFile; fileRef = 11652E4B4966BC88D4E9CA16 /* Pods_MyTripsUITests.framework */; };
		AEAF402E867B42D6A41A54F3 /* Pods_MyTripsTests.framework in Frameworks */ = {isa = PBXBuildFile; fileRef = 6EAC89DCB740AC448D7BE4D4 /* Pods_MyTripsTests.framework */; };
/* End PBXBuildFile section */

/* Begin PBXContainerItemProxy section */
		4A1FE3C32210154A00739396 /* PBXContainerItemProxy */ = {
			isa = PBXContainerItemProxy;
			containerPortal = 4A1FE3A62210154900739396 /* Project object */;
			proxyType = 1;
			remoteGlobalIDString = 4A1FE3AD2210154900739396;
			remoteInfo = MyTrips;
		};
		4A1FE3CE2210154A00739396 /* PBXContainerItemProxy */ = {
			isa = PBXContainerItemProxy;
			containerPortal = 4A1FE3A62210154900739396 /* Project object */;
			proxyType = 1;
			remoteGlobalIDString = 4A1FE3AD2210154900739396;
			remoteInfo = MyTrips;
		};
/* End PBXContainerItemProxy section */

/* Begin PBXFileReference section */
		08F41E557B845CBD30C4A745 /* Pods-MyTrips.debug.xcconfig */ = {isa = PBXFileReference; includeInIndex = 1; lastKnownFileType = text.xcconfig; name = "Pods-MyTrips.debug.xcconfig"; path = "Pods/Target Support Files/Pods-MyTrips/Pods-MyTrips.debug.xcconfig"; sourceTree = "<group>"; };
		11652E4B4966BC88D4E9CA16 /* Pods_MyTripsUITests.framework */ = {isa = PBXFileReference; explicitFileType = wrapper.framework; includeInIndex = 0; path = Pods_MyTripsUITests.framework; sourceTree = BUILT_PRODUCTS_DIR; };
		1E6A5E0DCFEAD01664DC8081 /* Pods-MyTripsTests.debug.xcconfig */ = {isa = PBXFileReference; includeInIndex = 1; lastKnownFileType = text.xcconfig; name = "Pods-MyTripsTests.debug.xcconfig"; path = "Pods/Target Support Files/Pods-MyTripsTests/Pods-MyTripsTests.debug.xcconfig"; sourceTree = "<group>"; };
		4A1FE3AE2210154900739396 /* MyTrips.app */ = {isa = PBXFileReference; explicitFileType = wrapper.application; includeInIndex = 0; path = MyTrips.app; sourceTree = BUILT_PRODUCTS_DIR; };
		4A1FE3B12210154900739396 /* AppDelegate.swift */ = {isa = PBXFileReference; lastKnownFileType = sourcecode.swift; path = AppDelegate.swift; sourceTree = "<group>"; };
		4A1FE3B32210154900739396 /* LoginVC.swift */ = {isa = PBXFileReference; lastKnownFileType = sourcecode.swift; path = LoginVC.swift; sourceTree = "<group>"; };
		4A1FE3B62210154900739396 /* Base */ = {isa = PBXFileReference; lastKnownFileType = file.storyboard; name = Base; path = Base.lproj/Main.storyboard; sourceTree = "<group>"; };
		4A1FE3B82210154A00739396 /* Assets.xcassets */ = {isa = PBXFileReference; lastKnownFileType = folder.assetcatalog; path = Assets.xcassets; sourceTree = "<group>"; };
		4A1FE3BB2210154A00739396 /* Base */ = {isa = PBXFileReference; lastKnownFileType = file.storyboard; name = Base; path = Base.lproj/LaunchScreen.storyboard; sourceTree = "<group>"; };
		4A1FE3BD2210154A00739396 /* Info.plist */ = {isa = PBXFileReference; lastKnownFileType = text.plist.xml; path = Info.plist; sourceTree = "<group>"; };
		4A1FE3C22210154A00739396 /* MyTripsTests.xctest */ = {isa = PBXFileReference; explicitFileType = wrapper.cfbundle; includeInIndex = 0; path = MyTripsTests.xctest; sourceTree = BUILT_PRODUCTS_DIR; };
		4A1FE3C62210154A00739396 /* MyTripsTests.swift */ = {isa = PBXFileReference; lastKnownFileType = sourcecode.swift; path = MyTripsTests.swift; sourceTree = "<group>"; };
		4A1FE3C82210154A00739396 /* Info.plist */ = {isa = PBXFileReference; lastKnownFileType = text.plist.xml; path = Info.plist; sourceTree = "<group>"; };
		4A1FE3CD2210154A00739396 /* MyTripsUITests.xctest */ = {isa = PBXFileReference; explicitFileType = wrapper.cfbundle; includeInIndex = 0; path = MyTripsUITests.xctest; sourceTree = BUILT_PRODUCTS_DIR; };
		4A1FE3D12210154A00739396 /* MyTripsUITests.swift */ = {isa = PBXFileReference; lastKnownFileType = sourcecode.swift; path = MyTripsUITests.swift; sourceTree = "<group>"; };
		4A1FE3D32210154A00739396 /* Info.plist */ = {isa = PBXFileReference; lastKnownFileType = text.plist.xml; path = Info.plist; sourceTree = "<group>"; };
		4A1FE3E222101A6E00739396 /* CliffJump.mp4 */ = {isa = PBXFileReference; lastKnownFileType = file; path = CliffJump.mp4; sourceTree = "<group>"; };
		4A1FE3E422101AD100739396 /* GCDBlackBox.swift */ = {isa = PBXFileReference; lastKnownFileType = sourcecode.swift; path = GCDBlackBox.swift; sourceTree = "<group>"; };
		4A1FE3E62211343E00739396 /* GoogleService-Info.plist */ = {isa = PBXFileReference; fileEncoding = 4; lastKnownFileType = text.plist.xml; path = "GoogleService-Info.plist"; sourceTree = "<group>"; };
		4A46DAE3224AB3FA0065A523 /* Constants.swift */ = {isa = PBXFileReference; lastKnownFileType = sourcecode.swift; path = Constants.swift; sourceTree = "<group>"; };
		4A46DAE5224ABF730065A523 /* GoogleClient.swift */ = {isa = PBXFileReference; lastKnownFileType = sourcecode.swift; path = GoogleClient.swift; sourceTree = "<group>"; };
		4A46DAE7224AC0B30065A523 /* GoogleConvenience.swift */ = {isa = PBXFileReference; lastKnownFileType = sourcecode.swift; path = GoogleConvenience.swift; sourceTree = "<group>"; };
		4A9F99132215E47A00C38909 /* HomePageVC.swift */ = {isa = PBXFileReference; lastKnownFileType = sourcecode.swift; path = HomePageVC.swift; sourceTree = "<group>"; };
		4A9F99152215E48600C38909 /* GroupsVC.swift */ = {isa = PBXFileReference; lastKnownFileType = sourcecode.swift; path = GroupsVC.swift; sourceTree = "<group>"; };
		4A9F99172215E4B100C38909 /* TripsVC.swift */ = {isa = PBXFileReference; lastKnownFileType = sourcecode.swift; path = TripsVC.swift; sourceTree = "<group>"; };
		4A9F99192215E4C500C38909 /* SettingsVC.swift */ = {isa = PBXFileReference; lastKnownFileType = sourcecode.swift; path = SettingsVC.swift; sourceTree = "<group>"; };
		4AA34BB5222643830035D806 /* CustomCalendarCell.swift */ = {isa = PBXFileReference; lastKnownFileType = sourcecode.swift; path = CustomCalendarCell.swift; sourceTree = "<group>"; };
		58EC78E50E1A809CFCECBC05 /* Pods-MyTrips.release.xcconfig */ = {isa = PBXFileReference; includeInIndex = 1; lastKnownFileType = text.xcconfig; name = "Pods-MyTrips.release.xcconfig"; path = "Pods/Target Support Files/Pods-MyTrips/Pods-MyTrips.release.xcconfig"; sourceTree = "<group>"; };
		6EAC89DCB740AC448D7BE4D4 /* Pods_MyTripsTests.framework */ = {isa = PBXFileReference; explicitFileType = wrapper.framework; includeInIndex = 0; path = Pods_MyTripsTests.framework; sourceTree = BUILT_PRODUCTS_DIR; };
		BD48218D31E690E087F69025 /* Pods-MyTripsTests.release.xcconfig */ = {isa = PBXFileReference; includeInIndex = 1; lastKnownFileType = text.xcconfig; name = "Pods-MyTripsTests.release.xcconfig"; path = "Pods/Target Support Files/Pods-MyTripsTests/Pods-MyTripsTests.release.xcconfig"; sourceTree = "<group>"; };
		D6ADEBACA70A3137B0EBC736 /* Pods-MyTripsUITests.debug.xcconfig */ = {isa = PBXFileReference; includeInIndex = 1; lastKnownFileType = text.xcconfig; name = "Pods-MyTripsUITests.debug.xcconfig"; path = "Pods/Target Support Files/Pods-MyTripsUITests/Pods-MyTripsUITests.debug.xcconfig"; sourceTree = "<group>"; };
		EA6E52DB28417EB26E8701AC /* Pods_MyTrips.framework */ = {isa = PBXFileReference; explicitFileType = wrapper.framework; includeInIndex = 0; path = Pods_MyTrips.framework; sourceTree = BUILT_PRODUCTS_DIR; };
		EFE262206847BC715524DA48 /* Pods-MyTripsUITests.release.xcconfig */ = {isa = PBXFileReference; includeInIndex = 1; lastKnownFileType = text.xcconfig; name = "Pods-MyTripsUITests.release.xcconfig"; path = "Pods/Target Support Files/Pods-MyTripsUITests/Pods-MyTripsUITests.release.xcconfig"; sourceTree = "<group>"; };
/* End PBXFileReference section */

/* Begin PBXFrameworksBuildPhase section */
		4A1FE3AB2210154900739396 /* Frameworks */ = {
			isa = PBXFrameworksBuildPhase;
			buildActionMask = 2147483647;
			files = (
				0466F8CC4C5CC33C52B3AFB7 /* Pods_MyTrips.framework in Frameworks */,
			);
			runOnlyForDeploymentPostprocessing = 0;
		};
		4A1FE3BF2210154A00739396 /* Frameworks */ = {
			isa = PBXFrameworksBuildPhase;
			buildActionMask = 2147483647;
			files = (
				AEAF402E867B42D6A41A54F3 /* Pods_MyTripsTests.framework in Frameworks */,
			);
			runOnlyForDeploymentPostprocessing = 0;
		};
		4A1FE3CA2210154A00739396 /* Frameworks */ = {
			isa = PBXFrameworksBuildPhase;
			buildActionMask = 2147483647;
			files = (
				A4E4AFB590F76DE12720E181 /* Pods_MyTripsUITests.framework in Frameworks */,
			);
			runOnlyForDeploymentPostprocessing = 0;
		};
/* End PBXFrameworksBuildPhase section */

/* Begin PBXGroup section */
		11EE2E001EA120BB42B123FE /* Frameworks */ = {
			isa = PBXGroup;
			children = (
				EA6E52DB28417EB26E8701AC /* Pods_MyTrips.framework */,
				6EAC89DCB740AC448D7BE4D4 /* Pods_MyTripsTests.framework */,
				11652E4B4966BC88D4E9CA16 /* Pods_MyTripsUITests.framework */,
			);
			name = Frameworks;
			sourceTree = "<group>";
		};
		4A1FE3A52210154900739396 = {
			isa = PBXGroup;
			children = (
				4A1FE3B02210154900739396 /* MyTrips */,
				4A1FE3C52210154A00739396 /* MyTripsTests */,
				4A1FE3D02210154A00739396 /* MyTripsUITests */,
				4A1FE3AF2210154900739396 /* Products */,
				A1A5C68CBE9BF5D34052F07F /* Pods */,
				11EE2E001EA120BB42B123FE /* Frameworks */,
			);
			sourceTree = "<group>";
		};
		4A1FE3AF2210154900739396 /* Products */ = {
			isa = PBXGroup;
			children = (
				4A1FE3AE2210154900739396 /* MyTrips.app */,
				4A1FE3C22210154A00739396 /* MyTripsTests.xctest */,
				4A1FE3CD2210154A00739396 /* MyTripsUITests.xctest */,
			);
			name = Products;
			sourceTree = "<group>";
		};
		4A1FE3B02210154900739396 /* MyTrips */ = {
			isa = PBXGroup;
			children = (
				4A1FE3B12210154900739396 /* AppDelegate.swift */,
				4A1FE3E422101AD100739396 /* GCDBlackBox.swift */,
				4A1FE3DF2210175F00739396 /* Videos */,
				4A46DAE2224AB3960065A523 /* GoogleClient */,
				4A1FE3E12210178000739396 /* MyTrips */,
				4A1FE3B52210154900739396 /* Main.storyboard */,
				4A1FE3BA2210154A00739396 /* LaunchScreen.storyboard */,
				4A1FE3B82210154A00739396 /* Assets.xcassets */,
				4A1FE3E62211343E00739396 /* GoogleService-Info.plist */,
				4A1FE3BD2210154A00739396 /* Info.plist */,
			);
			path = MyTrips;
			sourceTree = "<group>";
		};
		4A1FE3C52210154A00739396 /* MyTripsTests */ = {
			isa = PBXGroup;
			children = (
				4A1FE3C62210154A00739396 /* MyTripsTests.swift */,
				4A1FE3C82210154A00739396 /* Info.plist */,
			);
			path = MyTripsTests;
			sourceTree = "<group>";
		};
		4A1FE3D02210154A00739396 /* MyTripsUITests */ = {
			isa = PBXGroup;
			children = (
				4A1FE3D12210154A00739396 /* MyTripsUITests.swift */,
				4A1FE3D32210154A00739396 /* Info.plist */,
			);
			path = MyTripsUITests;
			sourceTree = "<group>";
		};
		4A1FE3DF2210175F00739396 /* Videos */ = {
			isa = PBXGroup;
			children = (
				4A1FE3E222101A6E00739396 /* CliffJump.mp4 */,
			);
			path = Videos;
			sourceTree = "<group>";
		};
		4A1FE3E12210178000739396 /* MyTrips */ = {
			isa = PBXGroup;
			children = (
				4A1FE3B32210154900739396 /* LoginVC.swift */,
				4A9F99132215E47A00C38909 /* HomePageVC.swift */,
				4A9F99152215E48600C38909 /* GroupsVC.swift */,
				4A9F99172215E4B100C38909 /* TripsVC.swift */,
				4A9F99192215E4C500C38909 /* SettingsVC.swift */,
				4A46DAEB22530E640065A523 /* CustomCells */,
			);
			path = MyTrips;
			sourceTree = "<group>";
		};
		4A46DAE2224AB3960065A523 /* GoogleClient */ = {
			isa = PBXGroup;
			children = (
				4A46DAE5224ABF730065A523 /* GoogleClient.swift */,
				4A46DAE7224AC0B30065A523 /* GoogleConvenience.swift */,
				4A46DAE3224AB3FA0065A523 /* Constants.swift */,
			);
			path = GoogleClient;
			sourceTree = "<group>";
		};
		4A46DAEB22530E640065A523 /* CustomCells */ = {
			isa = PBXGroup;
			children = (
				4AA34BB5222643830035D806 /* CustomCalendarCell.swift */,
			);
			path = CustomCells;
			sourceTree = "<group>";
		};
		A1A5C68CBE9BF5D34052F07F /* Pods */ = {
			isa = PBXGroup;
			children = (
				08F41E557B845CBD30C4A745 /* Pods-MyTrips.debug.xcconfig */,
				58EC78E50E1A809CFCECBC05 /* Pods-MyTrips.release.xcconfig */,
				1E6A5E0DCFEAD01664DC8081 /* Pods-MyTripsTests.debug.xcconfig */,
				BD48218D31E690E087F69025 /* Pods-MyTripsTests.release.xcconfig */,
				D6ADEBACA70A3137B0EBC736 /* Pods-MyTripsUITests.debug.xcconfig */,
				EFE262206847BC715524DA48 /* Pods-MyTripsUITests.release.xcconfig */,
			);
			name = Pods;
			sourceTree = "<group>";
		};
/* End PBXGroup section */

/* Begin PBXNativeTarget section */
		4A1FE3AD2210154900739396 /* MyTrips */ = {
			isa = PBXNativeTarget;
			buildConfigurationList = 4A1FE3D62210154A00739396 /* Build configuration list for PBXNativeTarget "MyTrips" */;
			buildPhases = (
				FB8BB660BD23FA316C1F1014 /* [CP] Check Pods Manifest.lock */,
				4A1FE3AA2210154900739396 /* Sources */,
				4A1FE3AB2210154900739396 /* Frameworks */,
				4A1FE3AC2210154900739396 /* Resources */,
				87F6310C5D42E462D159251A /* [CP] Embed Pods Frameworks */,
				880F546A3D59354F00369007 /* [CP] Copy Pods Resources */,
			);
			buildRules = (
			);
			dependencies = (
			);
			name = MyTrips;
			productName = MyTrips;
			productReference = 4A1FE3AE2210154900739396 /* MyTrips.app */;
			productType = "com.apple.product-type.application";
		};
		4A1FE3C12210154A00739396 /* MyTripsTests */ = {
			isa = PBXNativeTarget;
			buildConfigurationList = 4A1FE3D92210154A00739396 /* Build configuration list for PBXNativeTarget "MyTripsTests" */;
			buildPhases = (
				E7D646FB0B00812F77009EA5 /* [CP] Check Pods Manifest.lock */,
				4A1FE3BE2210154A00739396 /* Sources */,
				4A1FE3BF2210154A00739396 /* Frameworks */,
				4A1FE3C02210154A00739396 /* Resources */,
			);
			buildRules = (
			);
			dependencies = (
				4A1FE3C42210154A00739396 /* PBXTargetDependency */,
			);
			name = MyTripsTests;
			productName = MyTripsTests;
			productReference = 4A1FE3C22210154A00739396 /* MyTripsTests.xctest */;
			productType = "com.apple.product-type.bundle.unit-test";
		};
		4A1FE3CC2210154A00739396 /* MyTripsUITests */ = {
			isa = PBXNativeTarget;
			buildConfigurationList = 4A1FE3DC2210154A00739396 /* Build configuration list for PBXNativeTarget "MyTripsUITests" */;
			buildPhases = (
				2EE6C84F4540A89A3B5D7DA1 /* [CP] Check Pods Manifest.lock */,
				4A1FE3C92210154A00739396 /* Sources */,
				4A1FE3CA2210154A00739396 /* Frameworks */,
				4A1FE3CB2210154A00739396 /* Resources */,
			);
			buildRules = (
			);
			dependencies = (
				4A1FE3CF2210154A00739396 /* PBXTargetDependency */,
			);
			name = MyTripsUITests;
			productName = MyTripsUITests;
			productReference = 4A1FE3CD2210154A00739396 /* MyTripsUITests.xctest */;
			productType = "com.apple.product-type.bundle.ui-testing";
		};
/* End PBXNativeTarget section */

/* Begin PBXProject section */
		4A1FE3A62210154900739396 /* Project object */ = {
			isa = PBXProject;
			attributes = {
				LastSwiftUpdateCheck = 1010;
				LastUpgradeCheck = 1010;
				ORGANIZATIONNAME = "Garrett Cone";
				TargetAttributes = {
					4A1FE3AD2210154900739396 = {
						CreatedOnToolsVersion = 10.1;
					};
					4A1FE3C12210154A00739396 = {
						CreatedOnToolsVersion = 10.1;
						TestTargetID = 4A1FE3AD2210154900739396;
					};
					4A1FE3CC2210154A00739396 = {
						CreatedOnToolsVersion = 10.1;
						TestTargetID = 4A1FE3AD2210154900739396;
					};
				};
			};
			buildConfigurationList = 4A1FE3A92210154900739396 /* Build configuration list for PBXProject "MyTrips" */;
			compatibilityVersion = "Xcode 9.3";
			developmentRegion = en;
			hasScannedForEncodings = 0;
			knownRegions = (
				en,
				Base,
			);
			mainGroup = 4A1FE3A52210154900739396;
			productRefGroup = 4A1FE3AF2210154900739396 /* Products */;
			projectDirPath = "";
			projectRoot = "";
			targets = (
				4A1FE3AD2210154900739396 /* MyTrips */,
				4A1FE3C12210154A00739396 /* MyTripsTests */,
				4A1FE3CC2210154A00739396 /* MyTripsUITests */,
			);
		};
/* End PBXProject section */

/* Begin PBXResourcesBuildPhase section */
		4A1FE3AC2210154900739396 /* Resources */ = {
			isa = PBXResourcesBuildPhase;
			buildActionMask = 2147483647;
			files = (
				4A1FE3E322101A6E00739396 /* CliffJump.mp4 in Resources */,
				4A1FE3BC2210154A00739396 /* LaunchScreen.storyboard in Resources */,
				4A1FE3B92210154A00739396 /* Assets.xcassets in Resources */,
				4A1FE3B72210154900739396 /* Main.storyboard in Resources */,
				4A1FE3E72211343E00739396 /* GoogleService-Info.plist in Resources */,
			);
			runOnlyForDeploymentPostprocessing = 0;
		};
		4A1FE3C02210154A00739396 /* Resources */ = {
			isa = PBXResourcesBuildPhase;
			buildActionMask = 2147483647;
			files = (
			);
			runOnlyForDeploymentPostprocessing = 0;
		};
		4A1FE3CB2210154A00739396 /* Resources */ = {
			isa = PBXResourcesBuildPhase;
			buildActionMask = 2147483647;
			files = (
			);
			runOnlyForDeploymentPostprocessing = 0;
		};
/* End PBXResourcesBuildPhase section */

/* Begin PBXShellScriptBuildPhase section */
		2EE6C84F4540A89A3B5D7DA1 /* [CP] Check Pods Manifest.lock */ = {
			isa = PBXShellScriptBuildPhase;
			buildActionMask = 2147483647;
			files = (
			);
			inputFileListPaths = (
			);
			inputPaths = (
				"${PODS_PODFILE_DIR_PATH}/Podfile.lock",
				"${PODS_ROOT}/Manifest.lock",
			);
			name = "[CP] Check Pods Manifest.lock";
			outputFileListPaths = (
			);
			outputPaths = (
				"$(DERIVED_FILE_DIR)/Pods-MyTripsUITests-checkManifestLockResult.txt",
			);
			runOnlyForDeploymentPostprocessing = 0;
			shellPath = /bin/sh;
			shellScript = "diff \"${PODS_PODFILE_DIR_PATH}/Podfile.lock\" \"${PODS_ROOT}/Manifest.lock\" > /dev/null\nif [ $? != 0 ] ; then\n    # print error to STDERR\n    echo \"error: The sandbox is not in sync with the Podfile.lock. Run 'pod install' or update your CocoaPods installation.\" >&2\n    exit 1\nfi\n# This output is used by Xcode 'outputs' to avoid re-running this script phase.\necho \"SUCCESS\" > \"${SCRIPT_OUTPUT_FILE_0}\"\n";
			showEnvVarsInLog = 0;
		};
		87F6310C5D42E462D159251A /* [CP] Embed Pods Frameworks */ = {
			isa = PBXShellScriptBuildPhase;
			buildActionMask = 2147483647;
			files = (
			);
			inputFileListPaths = (
			);
			inputPaths = (
				"${PODS_ROOT}/Target Support Files/Pods-MyTrips/Pods-MyTrips-frameworks.sh",
				"${BUILT_PRODUCTS_DIR}/GTMSessionFetcher/GTMSessionFetcher.framework",
				"${BUILT_PRODUCTS_DIR}/GoogleUtilities/GoogleUtilities.framework",
				"${BUILT_PRODUCTS_DIR}/JTAppleCalendar/JTAppleCalendar.framework",
				"${BUILT_PRODUCTS_DIR}/leveldb-library/leveldb.framework",
				"${BUILT_PRODUCTS_DIR}/nanopb/nanopb.framework",
			);
			name = "[CP] Embed Pods Frameworks";
			outputFileListPaths = (
			);
			outputPaths = (
				"${TARGET_BUILD_DIR}/${FRAMEWORKS_FOLDER_PATH}/GTMSessionFetcher.framework",
				"${TARGET_BUILD_DIR}/${FRAMEWORKS_FOLDER_PATH}/GoogleUtilities.framework",
				"${TARGET_BUILD_DIR}/${FRAMEWORKS_FOLDER_PATH}/JTAppleCalendar.framework",
				"${TARGET_BUILD_DIR}/${FRAMEWORKS_FOLDER_PATH}/leveldb.framework",
				"${TARGET_BUILD_DIR}/${FRAMEWORKS_FOLDER_PATH}/nanopb.framework",
			);
			runOnlyForDeploymentPostprocessing = 0;
			shellPath = /bin/sh;
			shellScript = "\"${PODS_ROOT}/Target Support Files/Pods-MyTrips/Pods-MyTrips-frameworks.sh\"\n";
			showEnvVarsInLog = 0;
		};
		880F546A3D59354F00369007 /* [CP] Copy Pods Resources */ = {
			isa = PBXShellScriptBuildPhase;
			buildActionMask = 2147483647;
			files = (
			);
			inputFileListPaths = (
			);
			inputPaths = (
				"${PODS_ROOT}/Target Support Files/Pods-MyTrips/Pods-MyTrips-resources.sh",
				"${PODS_ROOT}/GooglePlaces/Frameworks/GooglePlaces.framework/Resources/GooglePlaces.bundle",
			);
			name = "[CP] Copy Pods Resources";
			outputFileListPaths = (
			);
			outputPaths = (
				"${TARGET_BUILD_DIR}/${UNLOCALIZED_RESOURCES_FOLDER_PATH}/GooglePlaces.bundle",
			);
			runOnlyForDeploymentPostprocessing = 0;
			shellPath = /bin/sh;
			shellScript = "\"${PODS_ROOT}/Target Support Files/Pods-MyTrips/Pods-MyTrips-resources.sh\"\n";
			showEnvVarsInLog = 0;
		};
		E7D646FB0B00812F77009EA5 /* [CP] Check Pods Manifest.lock */ = {
			isa = PBXShellScriptBuildPhase;
			buildActionMask = 2147483647;
			files = (
			);
			inputFileListPaths = (
			);
			inputPaths = (
				"${PODS_PODFILE_DIR_PATH}/Podfile.lock",
				"${PODS_ROOT}/Manifest.lock",
			);
			name = "[CP] Check Pods Manifest.lock";
			outputFileListPaths = (
			);
			outputPaths = (
				"$(DERIVED_FILE_DIR)/Pods-MyTripsTests-checkManifestLockResult.txt",
			);
			runOnlyForDeploymentPostprocessing = 0;
			shellPath = /bin/sh;
			shellScript = "diff \"${PODS_PODFILE_DIR_PATH}/Podfile.lock\" \"${PODS_ROOT}/Manifest.lock\" > /dev/null\nif [ $? != 0 ] ; then\n    # print error to STDERR\n    echo \"error: The sandbox is not in sync with the Podfile.lock. Run 'pod install' or update your CocoaPods installation.\" >&2\n    exit 1\nfi\n# This output is used by Xcode 'outputs' to avoid re-running this script phase.\necho \"SUCCESS\" > \"${SCRIPT_OUTPUT_FILE_0}\"\n";
			showEnvVarsInLog = 0;
		};
		FB8BB660BD23FA316C1F1014 /* [CP] Check Pods Manifest.lock */ = {
			isa = PBXShellScriptBuildPhase;
			buildActionMask = 2147483647;
			files = (
			);
			inputFileListPaths = (
			);
			inputPaths = (
				"${PODS_PODFILE_DIR_PATH}/Podfile.lock",
				"${PODS_ROOT}/Manifest.lock",
			);
			name = "[CP] Check Pods Manifest.lock";
			outputFileListPaths = (
			);
			outputPaths = (
				"$(DERIVED_FILE_DIR)/Pods-MyTrips-checkManifestLockResult.txt",
			);
			runOnlyForDeploymentPostprocessing = 0;
			shellPath = /bin/sh;
			shellScript = "diff \"${PODS_PODFILE_DIR_PATH}/Podfile.lock\" \"${PODS_ROOT}/Manifest.lock\" > /dev/null\nif [ $? != 0 ] ; then\n    # print error to STDERR\n    echo \"error: The sandbox is not in sync with the Podfile.lock. Run 'pod install' or update your CocoaPods installation.\" >&2\n    exit 1\nfi\n# This output is used by Xcode 'outputs' to avoid re-running this script phase.\necho \"SUCCESS\" > \"${SCRIPT_OUTPUT_FILE_0}\"\n";
			showEnvVarsInLog = 0;
		};
/* End PBXShellScriptBuildPhase section */

/* Begin PBXSourcesBuildPhase section */
		4A1FE3AA2210154900739396 /* Sources */ = {
			isa = PBXSourcesBuildPhase;
			buildActionMask = 2147483647;
			files = (
				4AA34BB6222643830035D806 /* CustomCalendarCell.swift in Sources */,
				4A1FE3B42210154900739396 /* LoginVC.swift in Sources */,
				4A46DAE8224AC0B30065A523 /* GoogleConvenience.swift in Sources */,
				4A9F99182215E4B100C38909 /* TripsVC.swift in Sources */,
				4A46DAE6224ABF730065A523 /* GoogleClient.swift in Sources */,
				4A1FE3E522101AD100739396 /* GCDBlackBox.swift in Sources */,
				4A9F99142215E47A00C38909 /* HomePageVC.swift in Sources */,
				4A1FE3B22210154900739396 /* AppDelegate.swift in Sources */,
				4A9F99162215E48600C38909 /* GroupsVC.swift in Sources */,
				4A9F991A2215E4C500C38909 /* SettingsVC.swift in Sources */,
				4A46DAE4224AB3FA0065A523 /* Constants.swift in Sources */,
			);
			runOnlyForDeploymentPostprocessing = 0;
		};
		4A1FE3BE2210154A00739396 /* Sources */ = {
			isa = PBXSourcesBuildPhase;
			buildActionMask = 2147483647;
			files = (
				4A1FE3C72210154A00739396 /* MyTripsTests.swift in Sources */,
			);
			runOnlyForDeploymentPostprocessing = 0;
		};
		4A1FE3C92210154A00739396 /* Sources */ = {
			isa = PBXSourcesBuildPhase;
			buildActionMask = 2147483647;
			files = (
				4A1FE3D22210154A00739396 /* MyTripsUITests.swift in Sources */,
			);
			runOnlyForDeploymentPostprocessing = 0;
		};
/* End PBXSourcesBuildPhase section */

/* Begin PBXTargetDependency section */
		4A1FE3C42210154A00739396 /* PBXTargetDependency */ = {
			isa = PBXTargetDependency;
			target = 4A1FE3AD2210154900739396 /* MyTrips */;
			targetProxy = 4A1FE3C32210154A00739396 /* PBXContainerItemProxy */;
		};
		4A1FE3CF2210154A00739396 /* PBXTargetDependency */ = {
			isa = PBXTargetDependency;
			target = 4A1FE3AD2210154900739396 /* MyTrips */;
			targetProxy = 4A1FE3CE2210154A00739396 /* PBXContainerItemProxy */;
		};
/* End PBXTargetDependency section */

/* Begin PBXVariantGroup section */
		4A1FE3B52210154900739396 /* Main.storyboard */ = {
			isa = PBXVariantGroup;
			children = (
				4A1FE3B62210154900739396 /* Base */,
			);
			name = Main.storyboard;
			sourceTree = "<group>";
		};
		4A1FE3BA2210154A00739396 /* LaunchScreen.storyboard */ = {
			isa = PBXVariantGroup;
			children = (
				4A1FE3BB2210154A00739396 /* Base */,
			);
			name = LaunchScreen.storyboard;
			sourceTree = "<group>";
		};
/* End PBXVariantGroup section */

/* Begin XCBuildConfiguration section */
		4A1FE3D42210154A00739396 /* Debug */ = {
			isa = XCBuildConfiguration;
			buildSettings = {
				ALWAYS_SEARCH_USER_PATHS = NO;
				CLANG_ANALYZER_NONNULL = YES;
				CLANG_ANALYZER_NUMBER_OBJECT_CONVERSION = YES_AGGRESSIVE;
				CLANG_CXX_LANGUAGE_STANDARD = "gnu++14";
				CLANG_CXX_LIBRARY = "libc++";
				CLANG_ENABLE_MODULES = YES;
				CLANG_ENABLE_OBJC_ARC = YES;
				CLANG_ENABLE_OBJC_WEAK = YES;
				CLANG_WARN_BLOCK_CAPTURE_AUTORELEASING = YES;
				CLANG_WARN_BOOL_CONVERSION = YES;
				CLANG_WARN_COMMA = YES;
				CLANG_WARN_CONSTANT_CONVERSION = YES;
				CLANG_WARN_DEPRECATED_OBJC_IMPLEMENTATIONS = YES;
				CLANG_WARN_DIRECT_OBJC_ISA_USAGE = YES_ERROR;
				CLANG_WARN_DOCUMENTATION_COMMENTS = YES;
				CLANG_WARN_EMPTY_BODY = YES;
				CLANG_WARN_ENUM_CONVERSION = YES;
				CLANG_WARN_INFINITE_RECURSION = YES;
				CLANG_WARN_INT_CONVERSION = YES;
				CLANG_WARN_NON_LITERAL_NULL_CONVERSION = YES;
				CLANG_WARN_OBJC_IMPLICIT_RETAIN_SELF = YES;
				CLANG_WARN_OBJC_LITERAL_CONVERSION = YES;
				CLANG_WARN_OBJC_ROOT_CLASS = YES_ERROR;
				CLANG_WARN_RANGE_LOOP_ANALYSIS = YES;
				CLANG_WARN_STRICT_PROTOTYPES = YES;
				CLANG_WARN_SUSPICIOUS_MOVE = YES;
				CLANG_WARN_UNGUARDED_AVAILABILITY = YES_AGGRESSIVE;
				CLANG_WARN_UNREACHABLE_CODE = YES;
				CLANG_WARN__DUPLICATE_METHOD_MATCH = YES;
				CODE_SIGN_IDENTITY = "iPhone Developer";
				COPY_PHASE_STRIP = NO;
				DEBUG_INFORMATION_FORMAT = dwarf;
				ENABLE_STRICT_OBJC_MSGSEND = YES;
				ENABLE_TESTABILITY = YES;
				GCC_C_LANGUAGE_STANDARD = gnu11;
				GCC_DYNAMIC_NO_PIC = NO;
				GCC_NO_COMMON_BLOCKS = YES;
				GCC_OPTIMIZATION_LEVEL = 0;
				GCC_PREPROCESSOR_DEFINITIONS = (
					"DEBUG=1",
					"$(inherited)",
				);
				GCC_WARN_64_TO_32_BIT_CONVERSION = YES;
				GCC_WARN_ABOUT_RETURN_TYPE = YES_ERROR;
				GCC_WARN_UNDECLARED_SELECTOR = YES;
				GCC_WARN_UNINITIALIZED_AUTOS = YES_AGGRESSIVE;
				GCC_WARN_UNUSED_FUNCTION = YES;
				GCC_WARN_UNUSED_VARIABLE = YES;
				IPHONEOS_DEPLOYMENT_TARGET = 12.1;
				MTL_ENABLE_DEBUG_INFO = INCLUDE_SOURCE;
				MTL_FAST_MATH = YES;
				ONLY_ACTIVE_ARCH = YES;
				SDKROOT = iphoneos;
				SWIFT_ACTIVE_COMPILATION_CONDITIONS = DEBUG;
				SWIFT_OPTIMIZATION_LEVEL = "-Onone";
			};
			name = Debug;
		};
		4A1FE3D52210154A00739396 /* Release */ = {
			isa = XCBuildConfiguration;
			buildSettings = {
				ALWAYS_SEARCH_USER_PATHS = NO;
				CLANG_ANALYZER_NONNULL = YES;
				CLANG_ANALYZER_NUMBER_OBJECT_CONVERSION = YES_AGGRESSIVE;
				CLANG_CXX_LANGUAGE_STANDARD = "gnu++14";
				CLANG_CXX_LIBRARY = "libc++";
				CLANG_ENABLE_MODULES = YES;
				CLANG_ENABLE_OBJC_ARC = YES;
				CLANG_ENABLE_OBJC_WEAK = YES;
				CLANG_WARN_BLOCK_CAPTURE_AUTORELEASING = YES;
				CLANG_WARN_BOOL_CONVERSION = YES;
				CLANG_WARN_COMMA = YES;
				CLANG_WARN_CONSTANT_CONVERSION = YES;
				CLANG_WARN_DEPRECATED_OBJC_IMPLEMENTATIONS = YES;
				CLANG_WARN_DIRECT_OBJC_ISA_USAGE = YES_ERROR;
				CLANG_WARN_DOCUMENTATION_COMMENTS = YES;
				CLANG_WARN_EMPTY_BODY = YES;
				CLANG_WARN_ENUM_CONVERSION = YES;
				CLANG_WARN_INFINITE_RECURSION = YES;
				CLANG_WARN_INT_CONVERSION = YES;
				CLANG_WARN_NON_LITERAL_NULL_CONVERSION = YES;
				CLANG_WARN_OBJC_IMPLICIT_RETAIN_SELF = YES;
				CLANG_WARN_OBJC_LITERAL_CONVERSION = YES;
				CLANG_WARN_OBJC_ROOT_CLASS = YES_ERROR;
				CLANG_WARN_RANGE_LOOP_ANALYSIS = YES;
				CLANG_WARN_STRICT_PROTOTYPES = YES;
				CLANG_WARN_SUSPICIOUS_MOVE = YES;
				CLANG_WARN_UNGUARDED_AVAILABILITY = YES_AGGRESSIVE;
				CLANG_WARN_UNREACHABLE_CODE = YES;
				CLANG_WARN__DUPLICATE_METHOD_MATCH = YES;
				CODE_SIGN_IDENTITY = "iPhone Developer";
				COPY_PHASE_STRIP = NO;
				DEBUG_INFORMATION_FORMAT = "dwarf-with-dsym";
				ENABLE_NS_ASSERTIONS = NO;
				ENABLE_STRICT_OBJC_MSGSEND = YES;
				GCC_C_LANGUAGE_STANDARD = gnu11;
				GCC_NO_COMMON_BLOCKS = YES;
				GCC_WARN_64_TO_32_BIT_CONVERSION = YES;
				GCC_WARN_ABOUT_RETURN_TYPE = YES_ERROR;
				GCC_WARN_UNDECLARED_SELECTOR = YES;
				GCC_WARN_UNINITIALIZED_AUTOS = YES_AGGRESSIVE;
				GCC_WARN_UNUSED_FUNCTION = YES;
				GCC_WARN_UNUSED_VARIABLE = YES;
				IPHONEOS_DEPLOYMENT_TARGET = 12.1;
				MTL_ENABLE_DEBUG_INFO = NO;
				MTL_FAST_MATH = YES;
				SDKROOT = iphoneos;
				SWIFT_COMPILATION_MODE = wholemodule;
				SWIFT_OPTIMIZATION_LEVEL = "-O";
				VALIDATE_PRODUCT = YES;
			};
			name = Release;
		};
		4A1FE3D72210154A00739396 /* Debug */ = {
			isa = XCBuildConfiguration;
			baseConfigurationReference = 08F41E557B845CBD30C4A745 /* Pods-MyTrips.debug.xcconfig */;
			buildSettings = {
				ASSETCATALOG_COMPILER_APPICON_NAME = AppIcon;
				CODE_SIGN_STYLE = Automatic;
				DEVELOPMENT_TEAM = BYQ2X8PMUY;
				INFOPLIST_FILE = MyTrips/Info.plist;
				LD_RUNPATH_SEARCH_PATHS = (
					"$(inherited)",
					"@executable_path/Frameworks",
				);
				PRODUCT_BUNDLE_IDENTIFIER = com.swiftalmighty.MyTrips;
				PRODUCT_NAME = "$(TARGET_NAME)";
				SWIFT_VERSION = 4.2;
				TARGETED_DEVICE_FAMILY = "1,2";
			};
			name = Debug;
		};
		4A1FE3D82210154A00739396 /* Release */ = {
			isa = XCBuildConfiguration;
			baseConfigurationReference = 58EC78E50E1A809CFCECBC05 /* Pods-MyTrips.release.xcconfig */;
			buildSettings = {
				ASSETCATALOG_COMPILER_APPICON_NAME = AppIcon;
				CODE_SIGN_STYLE = Automatic;
				DEVELOPMENT_TEAM = BYQ2X8PMUY;
				INFOPLIST_FILE = MyTrips/Info.plist;
				LD_RUNPATH_SEARCH_PATHS = (
					"$(inherited)",
					"@executable_path/Frameworks",
				);
				PRODUCT_BUNDLE_IDENTIFIER = com.swiftalmighty.MyTrips;
				PRODUCT_NAME = "$(TARGET_NAME)";
				SWIFT_VERSION = 4.2;
				TARGETED_DEVICE_FAMILY = "1,2";
			};
			name = Release;
		};
		4A1FE3DA2210154A00739396 /* Debug */ = {
			isa = XCBuildConfiguration;
			baseConfigurationReference = 1E6A5E0DCFEAD01664DC8081 /* Pods-MyTripsTests.debug.xcconfig */;
			buildSettings = {
				ALWAYS_EMBED_SWIFT_STANDARD_LIBRARIES = YES;
				BUNDLE_LOADER = "$(TEST_HOST)";
				CODE_SIGN_STYLE = Automatic;
				DEVELOPMENT_TEAM = BYQ2X8PMUY;
				INFOPLIST_FILE = MyTripsTests/Info.plist;
				LD_RUNPATH_SEARCH_PATHS = (
					"$(inherited)",
					"@executable_path/Frameworks",
					"@loader_path/Frameworks",
				);
				PRODUCT_BUNDLE_IDENTIFIER = com.swiftalmighty.MyTripsTests;
				PRODUCT_NAME = "$(TARGET_NAME)";
				SWIFT_VERSION = 4.2;
				TARGETED_DEVICE_FAMILY = "1,2";
				TEST_HOST = "$(BUILT_PRODUCTS_DIR)/MyTrips.app/MyTrips";
			};
			name = Debug;
		};
		4A1FE3DB2210154A00739396 /* Release */ = {
			isa = XCBuildConfiguration;
			baseConfigurationReference = BD48218D31E690E087F69025 /* Pods-MyTripsTests.release.xcconfig */;
			buildSettings = {
				ALWAYS_EMBED_SWIFT_STANDARD_LIBRARIES = YES;
				BUNDLE_LOADER = "$(TEST_HOST)";
				CODE_SIGN_STYLE = Automatic;
				DEVELOPMENT_TEAM = BYQ2X8PMUY;
				INFOPLIST_FILE = MyTripsTests/Info.plist;
				LD_RUNPATH_SEARCH_PATHS = (
					"$(inherited)",
					"@executable_path/Frameworks",
					"@loader_path/Frameworks",
				);
				PRODUCT_BUNDLE_IDENTIFIER = com.swiftalmighty.MyTripsTests;
				PRODUCT_NAME = "$(TARGET_NAME)";
				SWIFT_VERSION = 4.2;
				TARGETED_DEVICE_FAMILY = "1,2";
				TEST_HOST = "$(BUILT_PRODUCTS_DIR)/MyTrips.app/MyTrips";
			};
			name = Release;
		};
		4A1FE3DD2210154A00739396 /* Debug */ = {
			isa = XCBuildConfiguration;
			baseConfigurationReference = D6ADEBACA70A3137B0EBC736 /* Pods-MyTripsUITests.debug.xcconfig */;
			buildSettings = {
				ALWAYS_EMBED_SWIFT_STANDARD_LIBRARIES = YES;
				CODE_SIGN_STYLE = Automatic;
				DEVELOPMENT_TEAM = BYQ2X8PMUY;
				INFOPLIST_FILE = MyTripsUITests/Info.plist;
				LD_RUNPATH_SEARCH_PATHS = (
					"$(inherited)",
					"@executable_path/Frameworks",
					"@loader_path/Frameworks",
				);
				PRODUCT_BUNDLE_IDENTIFIER = com.swiftalmighty.MyTripsUITests;
				PRODUCT_NAME = "$(TARGET_NAME)";
				SWIFT_VERSION = 4.2;
				TARGETED_DEVICE_FAMILY = "1,2";
				TEST_TARGET_NAME = MyTrips;
			};
			name = Debug;
		};
		4A1FE3DE2210154A00739396 /* Release */ = {
			isa = XCBuildConfiguration;
			baseConfigurationReference = EFE262206847BC715524DA48 /* Pods-MyTripsUITests.release.xcconfig */;
			buildSettings = {
				ALWAYS_EMBED_SWIFT_STANDARD_LIBRARIES = YES;
				CODE_SIGN_STYLE = Automatic;
				DEVELOPMENT_TEAM = BYQ2X8PMUY;
				INFOPLIST_FILE = MyTripsUITests/Info.plist;
				LD_RUNPATH_SEARCH_PATHS = (
					"$(inherited)",
					"@executable_path/Frameworks",
					"@loader_path/Frameworks",
				);
				PRODUCT_BUNDLE_IDENTIFIER = com.swiftalmighty.MyTripsUITests;
				PRODUCT_NAME = "$(TARGET_NAME)";
				SWIFT_VERSION = 4.2;
				TARGETED_DEVICE_FAMILY = "1,2";
				TEST_TARGET_NAME = MyTrips;
			};
			name = Release;
		};
/* End XCBuildConfiguration section */

/* Begin XCConfigurationList section */
		4A1FE3A92210154900739396 /* Build configuration list for PBXProject "MyTrips" */ = {
			isa = XCConfigurationList;
			buildConfigurations = (
				4A1FE3D42210154A00739396 /* Debug */,
				4A1FE3D52210154A00739396 /* Release */,
			);
			defaultConfigurationIsVisible = 0;
			defaultConfigurationName = Release;
		};
		4A1FE3D62210154A00739396 /* Build configuration list for PBXNativeTarget "MyTrips" */ = {
			isa = XCConfigurationList;
			buildConfigurations = (
				4A1FE3D72210154A00739396 /* Debug */,
				4A1FE3D82210154A00739396 /* Release */,
			);
			defaultConfigurationIsVisible = 0;
			defaultConfigurationName = Release;
		};
		4A1FE3D92210154A00739396 /* Build configuration list for PBXNativeTarget "MyTripsTests" */ = {
			isa = XCConfigurationList;
			buildConfigurations = (
				4A1FE3DA2210154A00739396 /* Debug */,
				4A1FE3DB2210154A00739396 /* Release */,
			);
			defaultConfigurationIsVisible = 0;
			defaultConfigurationName = Release;
		};
		4A1FE3DC2210154A00739396 /* Build configuration list for PBXNativeTarget "MyTripsUITests" */ = {
			isa = XCConfigurationList;
			buildConfigurations = (
				4A1FE3DD2210154A00739396 /* Debug */,
				4A1FE3DE2210154A00739396 /* Release */,
			);
			defaultConfigurationIsVisible = 0;
			defaultConfigurationName = Release;
		};
/* End XCConfigurationList section */
	};
	rootObject = 4A1FE3A62210154900739396 /* Project object */;
}
